// !$*UTF8*$!
{
	archiveVersion = 1;
	classes = {
	};
	objectVersion = 51;
	objects = {

/* Begin PBXBuildFile section */
		5F1EC8A32524C31C0086944C /* RecordsManager.swift in Sources */ = {isa = PBXBuildFile; fileRef = 5F1EC8A22524C31C0086944C /* RecordsManager.swift */; };
		5F7F5F0A2531E5A600EF4BF1 /* StudyRecordController.swift in Sources */ = {isa = PBXBuildFile; fileRef = 5F7F5F092531E5A600EF4BF1 /* StudyRecordController.swift */; };
		5F7F5F0C2531E6CA00EF4BF1 /* RecordViewCell.swift in Sources */ = {isa = PBXBuildFile; fileRef = 5F7F5F0B2531E6CA00EF4BF1 /* RecordViewCell.swift */; };
		5FAA268424FDD5AD00FE79D6 /* studyRecordsController.swift in Sources */ = {isa = PBXBuildFile; fileRef = 5FAA268324FDD5AD00FE79D6 /* studyRecordsController.swift */; };
		5FAA268624FDD5C700FE79D6 /* recordsViewCell.swift in Sources */ = {isa = PBXBuildFile; fileRef = 5FAA268524FDD5C700FE79D6 /* recordsViewCell.swift */; };
		5FCD70A4252D773400FAA5A4 /* Records+CoreDataClass.swift in Sources */ = {isa = PBXBuildFile; fileRef = 5FCD70A3252D773400FAA5A4 /* Records+CoreDataClass.swift */; };
		5FCD70A6252D773C00FAA5A4 /* Records+CoreDataProperties.swift in Sources */ = {isa = PBXBuildFile; fileRef = 5FCD70A5252D773C00FAA5A4 /* Records+CoreDataProperties.swift */; };
		5FCD70AA252D7AB400FAA5A4 /* StudyTrackerUITest.swift in Sources */ = {isa = PBXBuildFile; fileRef = 5FCD70A9252D7AB400FAA5A4 /* StudyTrackerUITest.swift */; };
		6348D72124DBC158004B0476 /* AppDelegate.swift in Sources */ = {isa = PBXBuildFile; fileRef = 6348D72024DBC158004B0476 /* AppDelegate.swift */; };
		63652DD124ECFA96005C0BC1 /* Task.swift in Sources */ = {isa = PBXBuildFile; fileRef = 63652DD024ECFA96005C0BC1 /* Task.swift */; };
		63652DD924ED1029005C0BC1 /* TodoViewController.swift in Sources */ = {isa = PBXBuildFile; fileRef = 63652DD824ED1029005C0BC1 /* TodoViewController.swift */; };
		63652DDD24ED1CA0005C0BC1 /* TaskPriority.swift in Sources */ = {isa = PBXBuildFile; fileRef = 63652DDC24ED1CA0005C0BC1 /* TaskPriority.swift */; };
		636B875524F5357400D4C644 /* Assets.xcassets in Resources */ = {isa = PBXBuildFile; fileRef = 636B875424F5357300D4C644 /* Assets.xcassets */; };
		636B875724F6040F00D4C644 /* TodoViewModel.swift in Sources */ = {isa = PBXBuildFile; fileRef = 636B875624F6040F00D4C644 /* TodoViewModel.swift */; };
		636B875924F60C7300D4C644 /* TodoList.swift in Sources */ = {isa = PBXBuildFile; fileRef = 636B875824F60C7300D4C644 /* TodoList.swift */; };
		63786C80252AF130005C87A9 /* Assets.xcassets in Resources */ = {isa = PBXBuildFile; fileRef = 636B875424F5357300D4C644 /* Assets.xcassets */; };
		63786C81252AF131005C87A9 /* Assets.xcassets in Resources */ = {isa = PBXBuildFile; fileRef = 636B875424F5357300D4C644 /* Assets.xcassets */; };
		63818FAD24E4E5FD00E15655 /* LaunchScreen.storyboard in Resources */ = {isa = PBXBuildFile; fileRef = 63818FAC24E4E5FD00E15655 /* LaunchScreen.storyboard */; };
		63818FAF24E4E60800E15655 /* Main.storyboard in Resources */ = {isa = PBXBuildFile; fileRef = 63818FAE24E4E60800E15655 /* Main.storyboard */; };
		63A5C6DA252EAFD700A82FB0 /* ReminderDate.swift in Sources */ = {isa = PBXBuildFile; fileRef = 63A5C6D9252EAFD700A82FB0 /* ReminderDate.swift */; };
		63A5C6DC252EDE7800A82FB0 /* TodoListTest.swift in Sources */ = {isa = PBXBuildFile; fileRef = 63A5C6DB252EDE7800A82FB0 /* TodoListTest.swift */; };
		63A5C6DE252EEF6C00A82FB0 /* TodoUITest.swift in Sources */ = {isa = PBXBuildFile; fileRef = 63A5C6DD252EEF6C00A82FB0 /* TodoUITest.swift */; };
		63AD4D8024EA0E3E00CAAEB4 /* Todo.storyboard in Resources */ = {isa = PBXBuildFile; fileRef = 63AD4D7F24EA0E3E00CAAEB4 /* Todo.storyboard */; };
		63AD4D8224EA0E6900CAAEB4 /* StudyTracker.storyboard in Resources */ = {isa = PBXBuildFile; fileRef = 63AD4D8124EA0E6900CAAEB4 /* StudyTracker.storyboard */; };
		63AD4D8424EA0E8D00CAAEB4 /* MoodTracker.storyboard in Resources */ = {isa = PBXBuildFile; fileRef = 63AD4D8324EA0E8D00CAAEB4 /* MoodTracker.storyboard */; };
		63AD4D8824EA0EC100CAAEB4 /* Profiles.storyboard in Resources */ = {isa = PBXBuildFile; fileRef = 63AD4D8724EA0EC100CAAEB4 /* Profiles.storyboard */; };
		63D0528224EE5AD900665E67 /* SplitViewController.swift in Sources */ = {isa = PBXBuildFile; fileRef = 63D0528124EE5AD900665E67 /* SplitViewController.swift */; };
		63F29181252975CD0011A9C8 /* TodoTask+CoreDataClass.swift in Sources */ = {isa = PBXBuildFile; fileRef = 63F2917F252975CD0011A9C8 /* TodoTask+CoreDataClass.swift */; };
		63F29182252975CD0011A9C8 /* TodoTask+CoreDataProperties.swift in Sources */ = {isa = PBXBuildFile; fileRef = 63F29180252975CD0011A9C8 /* TodoTask+CoreDataProperties.swift */; };
		63FA777E24F240F4009F47B7 /* TodoCell.swift in Sources */ = {isa = PBXBuildFile; fileRef = 63FA777D24F240F4009F47B7 /* TodoCell.swift */; };
		63FA778024F262B4009F47B7 /* TodoDetailController.swift in Sources */ = {isa = PBXBuildFile; fileRef = 63FA777F24F262B4009F47B7 /* TodoDetailController.swift */; };
		C8800DD7251731D2003B2A10 /* MoodTrackerManager.swift in Sources */ = {isa = PBXBuildFile; fileRef = C8800DD6251731D2003B2A10 /* MoodTrackerManager.swift */; };
		C8800DF225173B85003B2A10 /* DailyMoodRecord+CoreDataClass.swift in Sources */ = {isa = PBXBuildFile; fileRef = C8800DEE25173B85003B2A10 /* DailyMoodRecord+CoreDataClass.swift */; };
		C8800DF325173B85003B2A10 /* DailyMoodRecord+CoreDataProperties.swift in Sources */ = {isa = PBXBuildFile; fileRef = C8800DEF25173B85003B2A10 /* DailyMoodRecord+CoreDataProperties.swift */; };
		C88BB568252ACBEE0051344E /* MoodTrackerUITest.swift in Sources */ = {isa = PBXBuildFile; fileRef = C88BB567252ACBEE0051344E /* MoodTrackerUITest.swift */; };
		C88F4BA0251AF04F00C68E1D /* Weather+CoreDataClass.swift in Sources */ = {isa = PBXBuildFile; fileRef = C88F4B9E251AF04F00C68E1D /* Weather+CoreDataClass.swift */; };
		C88F4BA1251AF04F00C68E1D /* Weather+CoreDataProperties.swift in Sources */ = {isa = PBXBuildFile; fileRef = C88F4B9F251AF04F00C68E1D /* Weather+CoreDataProperties.swift */; };
		C8949E7B24F2709E00FE6A64 /* Moods.swift in Sources */ = {isa = PBXBuildFile; fileRef = C8949E7A24F2709E00FE6A64 /* Moods.swift */; };
		C8BB0D2724EE13A500E027B1 /* MoodTrackerViewController.swift in Sources */ = {isa = PBXBuildFile; fileRef = C8BB0D2624EE13A500E027B1 /* MoodTrackerViewController.swift */; };
		C8BB3A2B252AA7000092AEFC /* RESTRequestTest.swift in Sources */ = {isa = PBXBuildFile; fileRef = C8BB3A2A252AA7000092AEFC /* RESTRequestTest.swift */; };
		C8BB3A36252AB5E80092AEFC /* MockWeather.json in Resources */ = {isa = PBXBuildFile; fileRef = C8BB3A35252AB5E80092AEFC /* MockWeather.json */; };
		C8BB3A37252AB5E80092AEFC /* MockWeather.json in Resources */ = {isa = PBXBuildFile; fileRef = C8BB3A35252AB5E80092AEFC /* MockWeather.json */; };
		C8BB3A38252AB5E80092AEFC /* MockWeather.json in Resources */ = {isa = PBXBuildFile; fileRef = C8BB3A35252AB5E80092AEFC /* MockWeather.json */; };
		C8CA4D6225107FF900467AEE /* RESTRequest.swift in Sources */ = {isa = PBXBuildFile; fileRef = C8CA4D6125107FF900467AEE /* RESTRequest.swift */; };
		C8E1403624F142800024F572 /* MoodTrackerViewModel.swift in Sources */ = {isa = PBXBuildFile; fileRef = C8E1403524F142800024F572 /* MoodTrackerViewModel.swift */; };
		C8E1403824F142EC0024F572 /* Forecast.swift in Sources */ = {isa = PBXBuildFile; fileRef = C8E1403724F142EC0024F572 /* Forecast.swift */; };
		CB17BB8B252AA52E009CE5B0 /* SongListTest.swift in Sources */ = {isa = PBXBuildFile; fileRef = CB17BB8A252AA52E009CE5B0 /* SongListTest.swift */; };
		CB29B3C02511D5D000B8646A /* DatabaseModel.xcdatamodeld in Sources */ = {isa = PBXBuildFile; fileRef = CB29B3BE2511D5D000B8646A /* DatabaseModel.xcdatamodeld */; };
		CB36EEB7251063B6009EF4AC /* TimerViewModel.swift in Sources */ = {isa = PBXBuildFile; fileRef = CB36EEB6251063B6009EF4AC /* TimerViewModel.swift */; };
		CB92D03E2519CFBD006D6A0E /* ProfileDataViewController.swift in Sources */ = {isa = PBXBuildFile; fileRef = CB92D03D2519CFBD006D6A0E /* ProfileDataViewController.swift */; };
		CB92D040251A4425006D6A0E /* CustomPageViewController.swift in Sources */ = {isa = PBXBuildFile; fileRef = CB92D03F251A4425006D6A0E /* CustomPageViewController.swift */; };
		CB92D042251A4535006D6A0E /* ProfileMainViewController.swift in Sources */ = {isa = PBXBuildFile; fileRef = CB92D041251A4535006D6A0E /* ProfileMainViewController.swift */; };
		CB983E322528B6950085CE85 /* a1_s3763636_s3779380_s3557535_s3730303UITests.swift in Sources */ = {isa = PBXBuildFile; fileRef = CB983E312528B6950085CE85 /* a1_s3763636_s3779380_s3557535_s3730303UITests.swift */; };
		CB983E3A2528B82D0085CE85 /* ProfileUITest.swift in Sources */ = {isa = PBXBuildFile; fileRef = CB983E392528B82D0085CE85 /* ProfileUITest.swift */; };
		CB983E422528C7060085CE85 /* a1_s3763636_s3779380_s3557535_s3730303Tests.swift in Sources */ = {isa = PBXBuildFile; fileRef = CB983E412528C7060085CE85 /* a1_s3763636_s3779380_s3557535_s3730303Tests.swift */; };
		CB983E4A2528D5D20085CE85 /* TeamProfileTest.swift in Sources */ = {isa = PBXBuildFile; fileRef = CB983E492528D5D20085CE85 /* TeamProfileTest.swift */; };
		CB9C781E24F0E064007878A3 /* TimerViewController.swift in Sources */ = {isa = PBXBuildFile; fileRef = CB9C781C24F0E064007878A3 /* TimerViewController.swift */; };
		CB9C782124F0E078007878A3 /* SongList.swift in Sources */ = {isa = PBXBuildFile; fileRef = CB9C782024F0E078007878A3 /* SongList.swift */; };
		CB9C782E24F0E337007878A3 /* 1.mp3 in Resources */ = {isa = PBXBuildFile; fileRef = CB9C782B24F0E337007878A3 /* 1.mp3 */; };
		CB9C782F24F0E337007878A3 /* 3.mp3 in Resources */ = {isa = PBXBuildFile; fileRef = CB9C782C24F0E337007878A3 /* 3.mp3 */; };
		CB9C783024F0E337007878A3 /* 2.mp3 in Resources */ = {isa = PBXBuildFile; fileRef = CB9C782D24F0E337007878A3 /* 2.mp3 */; };
		CB9C783324F0EEAB007878A3 /* PopViewController.swift in Sources */ = {isa = PBXBuildFile; fileRef = CB9C783224F0EEAB007878A3 /* PopViewController.swift */; };
		CB9C783524F10EAB007878A3 /* BreakDuration.swift in Sources */ = {isa = PBXBuildFile; fileRef = CB9C783424F10EAB007878A3 /* BreakDuration.swift */; };
		CBB4D8CD251B68940037C16C /* Profile.swift in Sources */ = {isa = PBXBuildFile; fileRef = CBB4D8CC251B68940037C16C /* Profile.swift */; };
		CBB4D8CF251B68B00037C16C /* TeamProfile.swift in Sources */ = {isa = PBXBuildFile; fileRef = CBB4D8CE251B68B00037C16C /* TeamProfile.swift */; };
		F6C182B5F7AC4984B54203F7 /* Pods_a1_s3763636_s3779380_s3557535_s3730303.framework in Frameworks */ = {isa = PBXBuildFile; fileRef = BD0CFFEC536B1C0A945079B6 /* Pods_a1_s3763636_s3779380_s3557535_s3730303.framework */; };
/* End PBXBuildFile section */

/* Begin PBXContainerItemProxy section */
		CB983E342528B6950085CE85 /* PBXContainerItemProxy */ = {
			isa = PBXContainerItemProxy;
			containerPortal = 6348D71524DBC158004B0476 /* Project object */;
			proxyType = 1;
			remoteGlobalIDString = 6348D71C24DBC158004B0476;
			remoteInfo = "a1-s3763636_s3779380_s3557535_s3730303";
		};
		CB983E442528C7060085CE85 /* PBXContainerItemProxy */ = {
			isa = PBXContainerItemProxy;
			containerPortal = 6348D71524DBC158004B0476 /* Project object */;
			proxyType = 1;
			remoteGlobalIDString = 6348D71C24DBC158004B0476;
			remoteInfo = "a1-s3763636_s3779380_s3557535_s3730303";
		};
/* End PBXContainerItemProxy section */

/* Begin PBXFileReference section */
		2D7F2DCE304674AD2C109068 /* Pods-a1-s3763636_s3779380_s3557535_s3730303.debug.xcconfig */ = {isa = PBXFileReference; includeInIndex = 1; lastKnownFileType = text.xcconfig; name = "Pods-a1-s3763636_s3779380_s3557535_s3730303.debug.xcconfig"; path = "Target Support Files/Pods-a1-s3763636_s3779380_s3557535_s3730303/Pods-a1-s3763636_s3779380_s3557535_s3730303.debug.xcconfig"; sourceTree = "<group>"; };
		5F1EC8A22524C31C0086944C /* RecordsManager.swift */ = {isa = PBXFileReference; lastKnownFileType = sourcecode.swift; path = RecordsManager.swift; sourceTree = "<group>"; };
		5F7F5F092531E5A600EF4BF1 /* StudyRecordController.swift */ = {isa = PBXFileReference; lastKnownFileType = sourcecode.swift; path = StudyRecordController.swift; sourceTree = "<group>"; };
		5F7F5F0B2531E6CA00EF4BF1 /* RecordViewCell.swift */ = {isa = PBXFileReference; lastKnownFileType = sourcecode.swift; path = RecordViewCell.swift; sourceTree = "<group>"; };
		5FAA268324FDD5AD00FE79D6 /* studyRecordsController.swift */ = {isa = PBXFileReference; fileEncoding = 4; lastKnownFileType = sourcecode.swift; path = studyRecordsController.swift; sourceTree = "<group>"; };
		5FAA268524FDD5C700FE79D6 /* recordsViewCell.swift */ = {isa = PBXFileReference; fileEncoding = 4; lastKnownFileType = sourcecode.swift; path = recordsViewCell.swift; sourceTree = "<group>"; };
		5FCD70A3252D773400FAA5A4 /* Records+CoreDataClass.swift */ = {isa = PBXFileReference; fileEncoding = 4; lastKnownFileType = sourcecode.swift; path = "Records+CoreDataClass.swift"; sourceTree = SOURCE_ROOT; };
		5FCD70A5252D773C00FAA5A4 /* Records+CoreDataProperties.swift */ = {isa = PBXFileReference; fileEncoding = 4; lastKnownFileType = sourcecode.swift; path = "Records+CoreDataProperties.swift"; sourceTree = SOURCE_ROOT; };
		5FCD70A9252D7AB400FAA5A4 /* StudyTrackerUITest.swift */ = {isa = PBXFileReference; lastKnownFileType = sourcecode.swift; path = StudyTrackerUITest.swift; sourceTree = "<group>"; };
		6348D71D24DBC158004B0476 /* a1-s3763636_s3779380_s3557535_s3730303.app */ = {isa = PBXFileReference; explicitFileType = wrapper.application; includeInIndex = 0; path = "a1-s3763636_s3779380_s3557535_s3730303.app"; sourceTree = BUILT_PRODUCTS_DIR; };
		6348D72024DBC158004B0476 /* AppDelegate.swift */ = {isa = PBXFileReference; lastKnownFileType = sourcecode.swift; path = AppDelegate.swift; sourceTree = "<group>"; };
		6348D72C24DBC15C004B0476 /* Info.plist */ = {isa = PBXFileReference; lastKnownFileType = text.plist.xml; path = Info.plist; sourceTree = "<group>"; };
		63652DD024ECFA96005C0BC1 /* Task.swift */ = {isa = PBXFileReference; lastKnownFileType = sourcecode.swift; path = Task.swift; sourceTree = "<group>"; };
		63652DD824ED1029005C0BC1 /* TodoViewController.swift */ = {isa = PBXFileReference; lastKnownFileType = sourcecode.swift; path = TodoViewController.swift; sourceTree = "<group>"; };
		63652DDC24ED1CA0005C0BC1 /* TaskPriority.swift */ = {isa = PBXFileReference; lastKnownFileType = sourcecode.swift; path = TaskPriority.swift; sourceTree = "<group>"; };
		636B875424F5357300D4C644 /* Assets.xcassets */ = {isa = PBXFileReference; lastKnownFileType = folder.assetcatalog; name = Assets.xcassets; path = "a1-s3763636_s3779380_s3557535_s3730303/Assets.xcassets"; sourceTree = SOURCE_ROOT; };
		636B875624F6040F00D4C644 /* TodoViewModel.swift */ = {isa = PBXFileReference; lastKnownFileType = sourcecode.swift; path = TodoViewModel.swift; sourceTree = "<group>"; };
		636B875824F60C7300D4C644 /* TodoList.swift */ = {isa = PBXFileReference; lastKnownFileType = sourcecode.swift; path = TodoList.swift; sourceTree = "<group>"; };
		63818FAC24E4E5FD00E15655 /* LaunchScreen.storyboard */ = {isa = PBXFileReference; fileEncoding = 4; lastKnownFileType = file.storyboard; path = LaunchScreen.storyboard; sourceTree = "<group>"; };
		63818FAE24E4E60800E15655 /* Main.storyboard */ = {isa = PBXFileReference; fileEncoding = 4; lastKnownFileType = file.storyboard; path = Main.storyboard; sourceTree = "<group>"; };
		63A5C6D9252EAFD700A82FB0 /* ReminderDate.swift */ = {isa = PBXFileReference; lastKnownFileType = sourcecode.swift; path = ReminderDate.swift; sourceTree = "<group>"; };
		63A5C6DB252EDE7800A82FB0 /* TodoListTest.swift */ = {isa = PBXFileReference; lastKnownFileType = sourcecode.swift; path = TodoListTest.swift; sourceTree = "<group>"; };
		63A5C6DD252EEF6C00A82FB0 /* TodoUITest.swift */ = {isa = PBXFileReference; lastKnownFileType = sourcecode.swift; path = TodoUITest.swift; sourceTree = "<group>"; };
		63AD4D7F24EA0E3E00CAAEB4 /* Todo.storyboard */ = {isa = PBXFileReference; fileEncoding = 4; lastKnownFileType = file.storyboard; path = Todo.storyboard; sourceTree = "<group>"; };
		63AD4D8124EA0E6900CAAEB4 /* StudyTracker.storyboard */ = {isa = PBXFileReference; fileEncoding = 4; lastKnownFileType = file.storyboard; path = StudyTracker.storyboard; sourceTree = "<group>"; };
		63AD4D8324EA0E8D00CAAEB4 /* MoodTracker.storyboard */ = {isa = PBXFileReference; fileEncoding = 4; lastKnownFileType = file.storyboard; path = MoodTracker.storyboard; sourceTree = "<group>"; };
		63AD4D8724EA0EC100CAAEB4 /* Profiles.storyboard */ = {isa = PBXFileReference; fileEncoding = 4; lastKnownFileType = file.storyboard; path = Profiles.storyboard; sourceTree = "<group>"; };
		63D0528124EE5AD900665E67 /* SplitViewController.swift */ = {isa = PBXFileReference; lastKnownFileType = sourcecode.swift; path = SplitViewController.swift; sourceTree = "<group>"; };
		63F2917F252975CD0011A9C8 /* TodoTask+CoreDataClass.swift */ = {isa = PBXFileReference; lastKnownFileType = sourcecode.swift; path = "TodoTask+CoreDataClass.swift"; sourceTree = "<group>"; };
		63F29180252975CD0011A9C8 /* TodoTask+CoreDataProperties.swift */ = {isa = PBXFileReference; lastKnownFileType = sourcecode.swift; path = "TodoTask+CoreDataProperties.swift"; sourceTree = "<group>"; };
		63FA777D24F240F4009F47B7 /* TodoCell.swift */ = {isa = PBXFileReference; lastKnownFileType = sourcecode.swift; path = TodoCell.swift; sourceTree = "<group>"; };
		63FA777F24F262B4009F47B7 /* TodoDetailController.swift */ = {isa = PBXFileReference; lastKnownFileType = sourcecode.swift; path = TodoDetailController.swift; sourceTree = "<group>"; };
		BD0CFFEC536B1C0A945079B6 /* Pods_a1_s3763636_s3779380_s3557535_s3730303.framework */ = {isa = PBXFileReference; explicitFileType = wrapper.framework; includeInIndex = 0; path = Pods_a1_s3763636_s3779380_s3557535_s3730303.framework; sourceTree = BUILT_PRODUCTS_DIR; };
		C8800DD6251731D2003B2A10 /* MoodTrackerManager.swift */ = {isa = PBXFileReference; lastKnownFileType = sourcecode.swift; path = MoodTrackerManager.swift; sourceTree = "<group>"; };
		C8800DEE25173B85003B2A10 /* DailyMoodRecord+CoreDataClass.swift */ = {isa = PBXFileReference; lastKnownFileType = sourcecode.swift; path = "DailyMoodRecord+CoreDataClass.swift"; sourceTree = SOURCE_ROOT; };
		C8800DEF25173B85003B2A10 /* DailyMoodRecord+CoreDataProperties.swift */ = {isa = PBXFileReference; lastKnownFileType = sourcecode.swift; path = "DailyMoodRecord+CoreDataProperties.swift"; sourceTree = SOURCE_ROOT; };
		C88BB567252ACBEE0051344E /* MoodTrackerUITest.swift */ = {isa = PBXFileReference; lastKnownFileType = sourcecode.swift; path = MoodTrackerUITest.swift; sourceTree = "<group>"; };
		C88F4B9E251AF04F00C68E1D /* Weather+CoreDataClass.swift */ = {isa = PBXFileReference; lastKnownFileType = sourcecode.swift; path = "Weather+CoreDataClass.swift"; sourceTree = SOURCE_ROOT; };
		C88F4B9F251AF04F00C68E1D /* Weather+CoreDataProperties.swift */ = {isa = PBXFileReference; lastKnownFileType = sourcecode.swift; path = "Weather+CoreDataProperties.swift"; sourceTree = SOURCE_ROOT; };
		C8949E7A24F2709E00FE6A64 /* Moods.swift */ = {isa = PBXFileReference; lastKnownFileType = sourcecode.swift; path = Moods.swift; sourceTree = "<group>"; };
		C8BB0D2624EE13A500E027B1 /* MoodTrackerViewController.swift */ = {isa = PBXFileReference; lastKnownFileType = sourcecode.swift; path = MoodTrackerViewController.swift; sourceTree = "<group>"; };
		C8BB3A2A252AA7000092AEFC /* RESTRequestTest.swift */ = {isa = PBXFileReference; lastKnownFileType = sourcecode.swift; path = RESTRequestTest.swift; sourceTree = "<group>"; };
		C8BB3A35252AB5E80092AEFC /* MockWeather.json */ = {isa = PBXFileReference; lastKnownFileType = text.json; path = MockWeather.json; sourceTree = "<group>"; };
		C8CA4D6125107FF900467AEE /* RESTRequest.swift */ = {isa = PBXFileReference; lastKnownFileType = sourcecode.swift; path = RESTRequest.swift; sourceTree = "<group>"; };
		C8E1403524F142800024F572 /* MoodTrackerViewModel.swift */ = {isa = PBXFileReference; fileEncoding = 4; lastKnownFileType = sourcecode.swift; path = MoodTrackerViewModel.swift; sourceTree = "<group>"; };
		C8E1403724F142EC0024F572 /* Forecast.swift */ = {isa = PBXFileReference; fileEncoding = 4; lastKnownFileType = sourcecode.swift; path = Forecast.swift; sourceTree = "<group>"; };
		CB17BB8A252AA52E009CE5B0 /* SongListTest.swift */ = {isa = PBXFileReference; fileEncoding = 4; lastKnownFileType = sourcecode.swift; path = SongListTest.swift; sourceTree = "<group>"; };
		CB29B3BF2511D5D000B8646A /* DatabaseModel.xcdatamodel */ = {isa = PBXFileReference; lastKnownFileType = wrapper.xcdatamodel; path = DatabaseModel.xcdatamodel; sourceTree = "<group>"; };
		CB36EEB6251063B6009EF4AC /* TimerViewModel.swift */ = {isa = PBXFileReference; lastKnownFileType = sourcecode.swift; path = TimerViewModel.swift; sourceTree = "<group>"; };
		CB92D03D2519CFBD006D6A0E /* ProfileDataViewController.swift */ = {isa = PBXFileReference; lastKnownFileType = sourcecode.swift; path = ProfileDataViewController.swift; sourceTree = "<group>"; };
		CB92D03F251A4425006D6A0E /* CustomPageViewController.swift */ = {isa = PBXFileReference; lastKnownFileType = sourcecode.swift; path = CustomPageViewController.swift; sourceTree = "<group>"; };
		CB92D041251A4535006D6A0E /* ProfileMainViewController.swift */ = {isa = PBXFileReference; lastKnownFileType = sourcecode.swift; path = ProfileMainViewController.swift; sourceTree = "<group>"; };
		CB983E2F2528B6950085CE85 /* a1-s3763636_s3779380_s3557535_s3730303UITests.xctest */ = {isa = PBXFileReference; explicitFileType = wrapper.cfbundle; includeInIndex = 0; path = "a1-s3763636_s3779380_s3557535_s3730303UITests.xctest"; sourceTree = BUILT_PRODUCTS_DIR; };
		CB983E312528B6950085CE85 /* a1_s3763636_s3779380_s3557535_s3730303UITests.swift */ = {isa = PBXFileReference; lastKnownFileType = sourcecode.swift; path = a1_s3763636_s3779380_s3557535_s3730303UITests.swift; sourceTree = "<group>"; };
		CB983E332528B6950085CE85 /* Info.plist */ = {isa = PBXFileReference; lastKnownFileType = text.plist.xml; path = Info.plist; sourceTree = "<group>"; };
		CB983E392528B82D0085CE85 /* ProfileUITest.swift */ = {isa = PBXFileReference; lastKnownFileType = sourcecode.swift; path = ProfileUITest.swift; sourceTree = "<group>"; };
		CB983E3F2528C7060085CE85 /* a1-s3763636_s3779380_s3557535_s3730303Tests.xctest */ = {isa = PBXFileReference; explicitFileType = wrapper.cfbundle; includeInIndex = 0; path = "a1-s3763636_s3779380_s3557535_s3730303Tests.xctest"; sourceTree = BUILT_PRODUCTS_DIR; };
		CB983E412528C7060085CE85 /* a1_s3763636_s3779380_s3557535_s3730303Tests.swift */ = {isa = PBXFileReference; lastKnownFileType = sourcecode.swift; path = a1_s3763636_s3779380_s3557535_s3730303Tests.swift; sourceTree = "<group>"; };
		CB983E432528C7060085CE85 /* Info.plist */ = {isa = PBXFileReference; lastKnownFileType = text.plist.xml; path = Info.plist; sourceTree = "<group>"; };
		CB983E492528D5D20085CE85 /* TeamProfileTest.swift */ = {isa = PBXFileReference; lastKnownFileType = sourcecode.swift; path = TeamProfileTest.swift; sourceTree = "<group>"; };
		CB9C781C24F0E064007878A3 /* TimerViewController.swift */ = {isa = PBXFileReference; fileEncoding = 4; lastKnownFileType = sourcecode.swift; path = TimerViewController.swift; sourceTree = "<group>"; };
		CB9C782024F0E078007878A3 /* SongList.swift */ = {isa = PBXFileReference; fileEncoding = 4; lastKnownFileType = sourcecode.swift; name = SongList.swift; path = "a1-s3763636_s3779380_s3557535_s3730303/Model/SongList.swift"; sourceTree = SOURCE_ROOT; };
		CB9C782B24F0E337007878A3 /* 1.mp3 */ = {isa = PBXFileReference; lastKnownFileType = audio.mp3; path = 1.mp3; sourceTree = "<group>"; };
		CB9C782C24F0E337007878A3 /* 3.mp3 */ = {isa = PBXFileReference; lastKnownFileType = audio.mp3; path = 3.mp3; sourceTree = "<group>"; };
		CB9C782D24F0E337007878A3 /* 2.mp3 */ = {isa = PBXFileReference; lastKnownFileType = audio.mp3; path = 2.mp3; sourceTree = "<group>"; };
		CB9C783224F0EEAB007878A3 /* PopViewController.swift */ = {isa = PBXFileReference; lastKnownFileType = sourcecode.swift; path = PopViewController.swift; sourceTree = "<group>"; };
		CB9C783424F10EAB007878A3 /* BreakDuration.swift */ = {isa = PBXFileReference; lastKnownFileType = sourcecode.swift; path = BreakDuration.swift; sourceTree = "<group>"; };
		CBB4D8CC251B68940037C16C /* Profile.swift */ = {isa = PBXFileReference; lastKnownFileType = sourcecode.swift; path = Profile.swift; sourceTree = "<group>"; };
		CBB4D8CE251B68B00037C16C /* TeamProfile.swift */ = {isa = PBXFileReference; lastKnownFileType = sourcecode.swift; path = TeamProfile.swift; sourceTree = "<group>"; };
		DF1B939875A39D6CA2A620B7 /* Pods-a1-s3763636_s3779380_s3557535_s3730303.release.xcconfig */ = {isa = PBXFileReference; includeInIndex = 1; lastKnownFileType = text.xcconfig; name = "Pods-a1-s3763636_s3779380_s3557535_s3730303.release.xcconfig"; path = "Target Support Files/Pods-a1-s3763636_s3779380_s3557535_s3730303/Pods-a1-s3763636_s3779380_s3557535_s3730303.release.xcconfig"; sourceTree = "<group>"; };
/* End PBXFileReference section */

/* Begin PBXFrameworksBuildPhase section */
		6348D71A24DBC158004B0476 /* Frameworks */ = {
			isa = PBXFrameworksBuildPhase;
			buildActionMask = 2147483647;
			files = (
				F6C182B5F7AC4984B54203F7 /* Pods_a1_s3763636_s3779380_s3557535_s3730303.framework in Frameworks */,
			);
			runOnlyForDeploymentPostprocessing = 0;
		};
		CB983E2C2528B6950085CE85 /* Frameworks */ = {
			isa = PBXFrameworksBuildPhase;
			buildActionMask = 2147483647;
			files = (
			);
			runOnlyForDeploymentPostprocessing = 0;
		};
		CB983E3C2528C7060085CE85 /* Frameworks */ = {
			isa = PBXFrameworksBuildPhase;
			buildActionMask = 2147483647;
			files = (
			);
			runOnlyForDeploymentPostprocessing = 0;
		};
/* End PBXFrameworksBuildPhase section */

/* Begin PBXGroup section */
		0AE1D23120397BE5729F0EA0 /* Frameworks */ = {
			isa = PBXGroup;
			children = (
				BD0CFFEC536B1C0A945079B6 /* Pods_a1_s3763636_s3779380_s3557535_s3730303.framework */,
			);
			name = Frameworks;
			sourceTree = "<group>";
		};
		5FCD70A2252D771A00FAA5A4 /* RecordsModel */ = {
			isa = PBXGroup;
			children = (
				5FCD70A5252D773C00FAA5A4 /* Records+CoreDataProperties.swift */,
				5FCD70A3252D773400FAA5A4 /* Records+CoreDataClass.swift */,
				5F1EC8A22524C31C0086944C /* RecordsManager.swift */,
			);
			path = RecordsModel;
			sourceTree = "<group>";
		};
		631E2A9424E4D7A900D90097 /* Model */ = {
			isa = PBXGroup;
			children = (
				5FCD70A2252D771A00FAA5A4 /* RecordsModel */,
				C8800DD52517020A003B2A10 /* MoodTrackerModel */,
				63F2917E252975370011A9C8 /* TodoList */,
				CB9C782024F0E078007878A3 /* SongList.swift */,
				CB9C783424F10EAB007878A3 /* BreakDuration.swift */,
				CB29B3BE2511D5D000B8646A /* DatabaseModel.xcdatamodeld */,
				CBB4D8CC251B68940037C16C /* Profile.swift */,
				CBB4D8CE251B68B00037C16C /* TeamProfile.swift */,
			);
			path = Model;
			sourceTree = "<group>";
		};
		631E2A9524E4D7B400D90097 /* Controller */ = {
			isa = PBXGroup;
			children = (
				5FAA268524FDD5C700FE79D6 /* recordsViewCell.swift */,
				5FAA268324FDD5AD00FE79D6 /* studyRecordsController.swift */,
				CB9C781C24F0E064007878A3 /* TimerViewController.swift */,
				CB9C783224F0EEAB007878A3 /* PopViewController.swift */,
				C8BB0D2624EE13A500E027B1 /* MoodTrackerViewController.swift */,
				63652DD824ED1029005C0BC1 /* TodoViewController.swift */,
				63D0528124EE5AD900665E67 /* SplitViewController.swift */,
				63FA777F24F262B4009F47B7 /* TodoDetailController.swift */,
				CB92D03D2519CFBD006D6A0E /* ProfileDataViewController.swift */,
				CB92D03F251A4425006D6A0E /* CustomPageViewController.swift */,
				CB92D041251A4535006D6A0E /* ProfileMainViewController.swift */,
				5F7F5F092531E5A600EF4BF1 /* StudyRecordController.swift */,
				5F7F5F0B2531E6CA00EF4BF1 /* RecordViewCell.swift */,
			);
			path = Controller;
			sourceTree = "<group>";
		};
		631E2A9724E4D7CB00D90097 /* View */ = {
			isa = PBXGroup;
			children = (
				63FA777A24F23C57009F47B7 /* Custom UI */,
				63818FAE24E4E60800E15655 /* Main.storyboard */,
				63AD4D8724EA0EC100CAAEB4 /* Profiles.storyboard */,
				63AD4D8324EA0E8D00CAAEB4 /* MoodTracker.storyboard */,
				63AD4D8124EA0E6900CAAEB4 /* StudyTracker.storyboard */,
				63AD4D7F24EA0E3E00CAAEB4 /* Todo.storyboard */,
				63818FAC24E4E5FD00E15655 /* LaunchScreen.storyboard */,
			);
			path = View;
			sourceTree = "<group>";
		};
		631E2A9824E4D7D900D90097 /* ViewModel */ = {
			isa = PBXGroup;
			children = (
				C8E1403524F142800024F572 /* MoodTrackerViewModel.swift */,
				636B875624F6040F00D4C644 /* TodoViewModel.swift */,
				CB36EEB6251063B6009EF4AC /* TimerViewModel.swift */,
			);
			path = ViewModel;
			sourceTree = "<group>";
		};
		6348D71424DBC158004B0476 = {
			isa = PBXGroup;
			children = (
				6348D71F24DBC158004B0476 /* a1-s3763636_s3779380_s3557535_s3730303 */,
				CB983E302528B6950085CE85 /* a1-s3763636_s3779380_s3557535_s3730303UITests */,
				CB983E402528C7060085CE85 /* a1-s3763636_s3779380_s3557535_s3730303Tests */,
				6348D71E24DBC158004B0476 /* Products */,
				8215C53CAF62303F0AEC3A29 /* Pods */,
				0AE1D23120397BE5729F0EA0 /* Frameworks */,
			);
			sourceTree = "<group>";
		};
		6348D71E24DBC158004B0476 /* Products */ = {
			isa = PBXGroup;
			children = (
				6348D71D24DBC158004B0476 /* a1-s3763636_s3779380_s3557535_s3730303.app */,
				CB983E2F2528B6950085CE85 /* a1-s3763636_s3779380_s3557535_s3730303UITests.xctest */,
				CB983E3F2528C7060085CE85 /* a1-s3763636_s3779380_s3557535_s3730303Tests.xctest */,
			);
			name = Products;
			sourceTree = "<group>";
		};
		6348D71F24DBC158004B0476 /* a1-s3763636_s3779380_s3557535_s3730303 */ = {
			isa = PBXGroup;
			children = (
				CB9C782B24F0E337007878A3 /* 1.mp3 */,
				CB9C782D24F0E337007878A3 /* 2.mp3 */,
				CB9C782C24F0E337007878A3 /* 3.mp3 */,
				631E2A9824E4D7D900D90097 /* ViewModel */,
				631E2A9724E4D7CB00D90097 /* View */,
				631E2A9524E4D7B400D90097 /* Controller */,
				631E2A9424E4D7A900D90097 /* Model */,
				6348D72024DBC158004B0476 /* AppDelegate.swift */,
				636B875424F5357300D4C644 /* Assets.xcassets */,
				6348D72C24DBC15C004B0476 /* Info.plist */,
			);
			path = "a1-s3763636_s3779380_s3557535_s3730303";
			sourceTree = "<group>";
		};
		63F2917E252975370011A9C8 /* TodoList */ = {
			isa = PBXGroup;
			children = (
				63F2917F252975CD0011A9C8 /* TodoTask+CoreDataClass.swift */,
				63F29180252975CD0011A9C8 /* TodoTask+CoreDataProperties.swift */,
				63652DD024ECFA96005C0BC1 /* Task.swift */,
				63652DDC24ED1CA0005C0BC1 /* TaskPriority.swift */,
				636B875824F60C7300D4C644 /* TodoList.swift */,
				63A5C6D9252EAFD700A82FB0 /* ReminderDate.swift */,
			);
			path = TodoList;
			sourceTree = "<group>";
		};
		63FA777A24F23C57009F47B7 /* Custom UI */ = {
			isa = PBXGroup;
			children = (
				63FA777D24F240F4009F47B7 /* TodoCell.swift */,
			);
			path = "Custom UI";
			sourceTree = "<group>";
		};
		8215C53CAF62303F0AEC3A29 /* Pods */ = {
			isa = PBXGroup;
			children = (
				2D7F2DCE304674AD2C109068 /* Pods-a1-s3763636_s3779380_s3557535_s3730303.debug.xcconfig */,
				DF1B939875A39D6CA2A620B7 /* Pods-a1-s3763636_s3779380_s3557535_s3730303.release.xcconfig */,
			);
			path = Pods;
			sourceTree = "<group>";
		};
		C8800DD52517020A003B2A10 /* MoodTrackerModel */ = {
			isa = PBXGroup;
			children = (
				C88F4B9E251AF04F00C68E1D /* Weather+CoreDataClass.swift */,
				C88F4B9F251AF04F00C68E1D /* Weather+CoreDataProperties.swift */,
				C8800DEE25173B85003B2A10 /* DailyMoodRecord+CoreDataClass.swift */,
				C8800DEF25173B85003B2A10 /* DailyMoodRecord+CoreDataProperties.swift */,
				C8E1403724F142EC0024F572 /* Forecast.swift */,
				C8949E7A24F2709E00FE6A64 /* Moods.swift */,
				C8CA4D6125107FF900467AEE /* RESTRequest.swift */,
				C8800DD6251731D2003B2A10 /* MoodTrackerManager.swift */,
			);
			path = MoodTrackerModel;
			sourceTree = "<group>";
		};
		CB983E302528B6950085CE85 /* a1-s3763636_s3779380_s3557535_s3730303UITests */ = {
			isa = PBXGroup;
			children = (
				CB983E312528B6950085CE85 /* a1_s3763636_s3779380_s3557535_s3730303UITests.swift */,
				CB983E332528B6950085CE85 /* Info.plist */,
				CB983E392528B82D0085CE85 /* ProfileUITest.swift */,
				C88BB567252ACBEE0051344E /* MoodTrackerUITest.swift */,
				5FCD70A9252D7AB400FAA5A4 /* StudyTrackerUITest.swift */,
				63A5C6DD252EEF6C00A82FB0 /* TodoUITest.swift */,
			);
			path = "a1-s3763636_s3779380_s3557535_s3730303UITests";
			sourceTree = "<group>";
		};
		CB983E402528C7060085CE85 /* a1-s3763636_s3779380_s3557535_s3730303Tests */ = {
			isa = PBXGroup;
			children = (
				CB17BB8A252AA52E009CE5B0 /* SongListTest.swift */,
				CB983E412528C7060085CE85 /* a1_s3763636_s3779380_s3557535_s3730303Tests.swift */,
				CB983E432528C7060085CE85 /* Info.plist */,
				CB983E492528D5D20085CE85 /* TeamProfileTest.swift */,
				C8BB3A2A252AA7000092AEFC /* RESTRequestTest.swift */,
				C8BB3A35252AB5E80092AEFC /* MockWeather.json */,
				63A5C6DB252EDE7800A82FB0 /* TodoListTest.swift */,
			);
			path = "a1-s3763636_s3779380_s3557535_s3730303Tests";
			sourceTree = "<group>";
		};
/* End PBXGroup section */

/* Begin PBXNativeTarget section */
		6348D71C24DBC158004B0476 /* a1-s3763636_s3779380_s3557535_s3730303 */ = {
			isa = PBXNativeTarget;
			buildConfigurationList = 6348D72F24DBC15C004B0476 /* Build configuration list for PBXNativeTarget "a1-s3763636_s3779380_s3557535_s3730303" */;
			buildPhases = (
				BCB04642D54EFC9BB46405A6 /* [CP] Check Pods Manifest.lock */,
				6348D71924DBC158004B0476 /* Sources */,
				6348D71A24DBC158004B0476 /* Frameworks */,
				6348D71B24DBC158004B0476 /* Resources */,
				54767B7BCED029C91C3E66C3 /* [CP] Embed Pods Frameworks */,
			);
			buildRules = (
			);
			dependencies = (
			);
			name = "a1-s3763636_s3779380_s3557535_s3730303";
			productName = "a1-s3763636_s3779380_s3557535_s3730303";
			productReference = 6348D71D24DBC158004B0476 /* a1-s3763636_s3779380_s3557535_s3730303.app */;
			productType = "com.apple.product-type.application";
		};
		CB983E2E2528B6950085CE85 /* a1-s3763636_s3779380_s3557535_s3730303UITests */ = {
			isa = PBXNativeTarget;
			buildConfigurationList = CB983E382528B6950085CE85 /* Build configuration list for PBXNativeTarget "a1-s3763636_s3779380_s3557535_s3730303UITests" */;
			buildPhases = (
				CB983E2B2528B6950085CE85 /* Sources */,
				CB983E2C2528B6950085CE85 /* Frameworks */,
				CB983E2D2528B6950085CE85 /* Resources */,
			);
			buildRules = (
			);
			dependencies = (
				CB983E352528B6950085CE85 /* PBXTargetDependency */,
			);
			name = "a1-s3763636_s3779380_s3557535_s3730303UITests";
			productName = "a1-s3763636_s3779380_s3557535_s3730303UITests";
			productReference = CB983E2F2528B6950085CE85 /* a1-s3763636_s3779380_s3557535_s3730303UITests.xctest */;
			productType = "com.apple.product-type.bundle.ui-testing";
		};
		CB983E3E2528C7060085CE85 /* a1-s3763636_s3779380_s3557535_s3730303Tests */ = {
			isa = PBXNativeTarget;
			buildConfigurationList = CB983E462528C7060085CE85 /* Build configuration list for PBXNativeTarget "a1-s3763636_s3779380_s3557535_s3730303Tests" */;
			buildPhases = (
				CB983E3B2528C7060085CE85 /* Sources */,
				CB983E3C2528C7060085CE85 /* Frameworks */,
				CB983E3D2528C7060085CE85 /* Resources */,
			);
			buildRules = (
			);
			dependencies = (
				CB983E452528C7060085CE85 /* PBXTargetDependency */,
			);
			name = "a1-s3763636_s3779380_s3557535_s3730303Tests";
			productName = "a1-s3763636_s3779380_s3557535_s3730303Tests";
			productReference = CB983E3F2528C7060085CE85 /* a1-s3763636_s3779380_s3557535_s3730303Tests.xctest */;
			productType = "com.apple.product-type.bundle.unit-test";
		};
/* End PBXNativeTarget section */

/* Begin PBXProject section */
		6348D71524DBC158004B0476 /* Project object */ = {
			isa = PBXProject;
			attributes = {
				KnownAssetTags = (
					"To Do List",
				);
				LastSwiftUpdateCheck = 1030;
				LastUpgradeCheck = 1150;
				ORGANIZATIONNAME = "David Manolitsas";
				TargetAttributes = {
					6348D71C24DBC158004B0476 = {
						CreatedOnToolsVersion = 10.3;
					};
					CB983E2E2528B6950085CE85 = {
						CreatedOnToolsVersion = 10.3;
						TestTargetID = 6348D71C24DBC158004B0476;
					};
					CB983E3E2528C7060085CE85 = {
						CreatedOnToolsVersion = 10.3;
						TestTargetID = 6348D71C24DBC158004B0476;
					};
				};
			};
			buildConfigurationList = 6348D71824DBC158004B0476 /* Build configuration list for PBXProject "a1-s3763636_s3779380_s3557535_s3730303" */;
			compatibilityVersion = "Xcode 9.3";
			developmentRegion = en;
			hasScannedForEncodings = 0;
			knownRegions = (
				en,
				Base,
			);
			mainGroup = 6348D71424DBC158004B0476;
			productRefGroup = 6348D71E24DBC158004B0476 /* Products */;
			projectDirPath = "";
			projectRoot = "";
			targets = (
				6348D71C24DBC158004B0476 /* a1-s3763636_s3779380_s3557535_s3730303 */,
				CB983E2E2528B6950085CE85 /* a1-s3763636_s3779380_s3557535_s3730303UITests */,
				CB983E3E2528C7060085CE85 /* a1-s3763636_s3779380_s3557535_s3730303Tests */,
			);
		};
/* End PBXProject section */

/* Begin PBXResourcesBuildPhase section */
		6348D71B24DBC158004B0476 /* Resources */ = {
			isa = PBXResourcesBuildPhase;
			buildActionMask = 2147483647;
			files = (
				CB9C783024F0E337007878A3 /* 2.mp3 in Resources */,
				CB9C782F24F0E337007878A3 /* 3.mp3 in Resources */,
				636B875524F5357400D4C644 /* Assets.xcassets in Resources */,
				CB9C782E24F0E337007878A3 /* 1.mp3 in Resources */,
				63AD4D8224EA0E6900CAAEB4 /* StudyTracker.storyboard in Resources */,
				63AD4D8024EA0E3E00CAAEB4 /* Todo.storyboard in Resources */,
				C8BB3A36252AB5E80092AEFC /* MockWeather.json in Resources */,
				63818FAF24E4E60800E15655 /* Main.storyboard in Resources */,
				63AD4D8424EA0E8D00CAAEB4 /* MoodTracker.storyboard in Resources */,
				63AD4D8824EA0EC100CAAEB4 /* Profiles.storyboard in Resources */,
				63818FAD24E4E5FD00E15655 /* LaunchScreen.storyboard in Resources */,
			);
			runOnlyForDeploymentPostprocessing = 0;
		};
		CB983E2D2528B6950085CE85 /* Resources */ = {
			isa = PBXResourcesBuildPhase;
			buildActionMask = 2147483647;
			files = (
				C8BB3A37252AB5E80092AEFC /* MockWeather.json in Resources */,
				63786C80252AF130005C87A9 /* Assets.xcassets in Resources */,
			);
			runOnlyForDeploymentPostprocessing = 0;
		};
		CB983E3D2528C7060085CE85 /* Resources */ = {
			isa = PBXResourcesBuildPhase;
			buildActionMask = 2147483647;
			files = (
				C8BB3A38252AB5E80092AEFC /* MockWeather.json in Resources */,
				63786C81252AF131005C87A9 /* Assets.xcassets in Resources */,
			);
			runOnlyForDeploymentPostprocessing = 0;
		};
/* End PBXResourcesBuildPhase section */

/* Begin PBXShellScriptBuildPhase section */
		54767B7BCED029C91C3E66C3 /* [CP] Embed Pods Frameworks */ = {
			isa = PBXShellScriptBuildPhase;
			buildActionMask = 2147483647;
			files = (
			);
			inputFileListPaths = (
				"${PODS_ROOT}/Target Support Files/Pods-a1-s3763636_s3779380_s3557535_s3730303/Pods-a1-s3763636_s3779380_s3557535_s3730303-frameworks-${CONFIGURATION}-input-files.xcfilelist",
			);
			name = "[CP] Embed Pods Frameworks";
			outputFileListPaths = (
				"${PODS_ROOT}/Target Support Files/Pods-a1-s3763636_s3779380_s3557535_s3730303/Pods-a1-s3763636_s3779380_s3557535_s3730303-frameworks-${CONFIGURATION}-output-files.xcfilelist",
			);
			runOnlyForDeploymentPostprocessing = 0;
			shellPath = /bin/sh;
			shellScript = "\"${PODS_ROOT}/Target Support Files/Pods-a1-s3763636_s3779380_s3557535_s3730303/Pods-a1-s3763636_s3779380_s3557535_s3730303-frameworks.sh\"\n";
			showEnvVarsInLog = 0;
		};
		BCB04642D54EFC9BB46405A6 /* [CP] Check Pods Manifest.lock */ = {
			isa = PBXShellScriptBuildPhase;
			buildActionMask = 2147483647;
			files = (
			);
			inputFileListPaths = (
			);
			inputPaths = (
				"${PODS_PODFILE_DIR_PATH}/Podfile.lock",
				"${PODS_ROOT}/Manifest.lock",
			);
			name = "[CP] Check Pods Manifest.lock";
			outputFileListPaths = (
			);
			outputPaths = (
				"$(DERIVED_FILE_DIR)/Pods-a1-s3763636_s3779380_s3557535_s3730303-checkManifestLockResult.txt",
			);
			runOnlyForDeploymentPostprocessing = 0;
			shellPath = /bin/sh;
			shellScript = "diff \"${PODS_PODFILE_DIR_PATH}/Podfile.lock\" \"${PODS_ROOT}/Manifest.lock\" > /dev/null\nif [ $? != 0 ] ; then\n    # print error to STDERR\n    echo \"error: The sandbox is not in sync with the Podfile.lock. Run 'pod install' or update your CocoaPods installation.\" >&2\n    exit 1\nfi\n# This output is used by Xcode 'outputs' to avoid re-running this script phase.\necho \"SUCCESS\" > \"${SCRIPT_OUTPUT_FILE_0}\"\n";
			showEnvVarsInLog = 0;
		};
/* End PBXShellScriptBuildPhase section */

/* Begin PBXSourcesBuildPhase section */
		6348D71924DBC158004B0476 /* Sources */ = {
			isa = PBXSourcesBuildPhase;
			buildActionMask = 2147483647;
			files = (
				CB92D03E2519CFBD006D6A0E /* ProfileDataViewController.swift in Sources */,
				CB36EEB7251063B6009EF4AC /* TimerViewModel.swift in Sources */,
				CB9C781E24F0E064007878A3 /* TimerViewController.swift in Sources */,
				CBB4D8CF251B68B00037C16C /* TeamProfile.swift in Sources */,
				CB9C783524F10EAB007878A3 /* BreakDuration.swift in Sources */,
				C8949E7B24F2709E00FE6A64 /* Moods.swift in Sources */,
				C8E1403624F142800024F572 /* MoodTrackerViewModel.swift in Sources */,
				CB9C783324F0EEAB007878A3 /* PopViewController.swift in Sources */,
				C88F4BA1251AF04F00C68E1D /* Weather+CoreDataProperties.swift in Sources */,
				CB9C782124F0E078007878A3 /* SongList.swift in Sources */,
				63652DDD24ED1CA0005C0BC1 /* TaskPriority.swift in Sources */,
				636B875724F6040F00D4C644 /* TodoViewModel.swift in Sources */,
				CB92D040251A4425006D6A0E /* CustomPageViewController.swift in Sources */,
				C88F4BA0251AF04F00C68E1D /* Weather+CoreDataClass.swift in Sources */,
				636B875924F60C7300D4C644 /* TodoList.swift in Sources */,
				C8CA4D6225107FF900467AEE /* RESTRequest.swift in Sources */,
				5FCD70A4252D773400FAA5A4 /* Records+CoreDataClass.swift in Sources */,
				5F1EC8A32524C31C0086944C /* RecordsManager.swift in Sources */,
				5FAA268424FDD5AD00FE79D6 /* studyRecordsController.swift in Sources */,
				CBB4D8CD251B68940037C16C /* Profile.swift in Sources */,
				CB92D042251A4535006D6A0E /* ProfileMainViewController.swift in Sources */,
				63FA777E24F240F4009F47B7 /* TodoCell.swift in Sources */,
				C8E1403824F142EC0024F572 /* Forecast.swift in Sources */,
				CB29B3C02511D5D000B8646A /* DatabaseModel.xcdatamodeld in Sources */,
				63F29182252975CD0011A9C8 /* TodoTask+CoreDataProperties.swift in Sources */,
				C8BB0D2724EE13A500E027B1 /* MoodTrackerViewController.swift in Sources */,
				6348D72124DBC158004B0476 /* AppDelegate.swift in Sources */,
				63A5C6DA252EAFD700A82FB0 /* ReminderDate.swift in Sources */,
				C8800DF325173B85003B2A10 /* DailyMoodRecord+CoreDataProperties.swift in Sources */,
				5FCD70A6252D773C00FAA5A4 /* Records+CoreDataProperties.swift in Sources */,
				63FA778024F262B4009F47B7 /* TodoDetailController.swift in Sources */,
				63652DD124ECFA96005C0BC1 /* Task.swift in Sources */,
				63652DD924ED1029005C0BC1 /* TodoViewController.swift in Sources */,
				5F7F5F0C2531E6CA00EF4BF1 /* RecordViewCell.swift in Sources */,
				5F7F5F0A2531E5A600EF4BF1 /* StudyRecordController.swift in Sources */,
				5FAA268624FDD5C700FE79D6 /* recordsViewCell.swift in Sources */,
				C8800DD7251731D2003B2A10 /* MoodTrackerManager.swift in Sources */,
				63F29181252975CD0011A9C8 /* TodoTask+CoreDataClass.swift in Sources */,
				63D0528224EE5AD900665E67 /* SplitViewController.swift in Sources */,
				C8800DF225173B85003B2A10 /* DailyMoodRecord+CoreDataClass.swift in Sources */,
			);
			runOnlyForDeploymentPostprocessing = 0;
		};
		CB983E2B2528B6950085CE85 /* Sources */ = {
			isa = PBXSourcesBuildPhase;
			buildActionMask = 2147483647;
			files = (
				C88BB568252ACBEE0051344E /* MoodTrackerUITest.swift in Sources */,
				CB983E322528B6950085CE85 /* a1_s3763636_s3779380_s3557535_s3730303UITests.swift in Sources */,
				63A5C6DE252EEF6C00A82FB0 /* TodoUITest.swift in Sources */,
				5FCD70AA252D7AB400FAA5A4 /* StudyTrackerUITest.swift in Sources */,
				CB983E3A2528B82D0085CE85 /* ProfileUITest.swift in Sources */,
			);
			runOnlyForDeploymentPostprocessing = 0;
		};
		CB983E3B2528C7060085CE85 /* Sources */ = {
			isa = PBXSourcesBuildPhase;
			buildActionMask = 2147483647;
			files = (
				CB17BB8B252AA52E009CE5B0 /* SongListTest.swift in Sources */,
				CB983E4A2528D5D20085CE85 /* TeamProfileTest.swift in Sources */,
				63A5C6DC252EDE7800A82FB0 /* TodoListTest.swift in Sources */,
				CB983E422528C7060085CE85 /* a1_s3763636_s3779380_s3557535_s3730303Tests.swift in Sources */,
				C8BB3A2B252AA7000092AEFC /* RESTRequestTest.swift in Sources */,
			);
			runOnlyForDeploymentPostprocessing = 0;
		};
/* End PBXSourcesBuildPhase section */

/* Begin PBXTargetDependency section */
		CB983E352528B6950085CE85 /* PBXTargetDependency */ = {
			isa = PBXTargetDependency;
			target = 6348D71C24DBC158004B0476 /* a1-s3763636_s3779380_s3557535_s3730303 */;
			targetProxy = CB983E342528B6950085CE85 /* PBXContainerItemProxy */;
		};
		CB983E452528C7060085CE85 /* PBXTargetDependency */ = {
			isa = PBXTargetDependency;
			target = 6348D71C24DBC158004B0476 /* a1-s3763636_s3779380_s3557535_s3730303 */;
			targetProxy = CB983E442528C7060085CE85 /* PBXContainerItemProxy */;
		};
/* End PBXTargetDependency section */

/* Begin XCBuildConfiguration section */
		6348D72D24DBC15C004B0476 /* Debug */ = {
			isa = XCBuildConfiguration;
			buildSettings = {
				ALWAYS_SEARCH_USER_PATHS = NO;
				CLANG_ANALYZER_NONNULL = YES;
				CLANG_ANALYZER_NUMBER_OBJECT_CONVERSION = YES_AGGRESSIVE;
				CLANG_CXX_LANGUAGE_STANDARD = "gnu++14";
				CLANG_CXX_LIBRARY = "libc++";
				CLANG_ENABLE_MODULES = YES;
				CLANG_ENABLE_OBJC_ARC = YES;
				CLANG_ENABLE_OBJC_WEAK = YES;
				CLANG_WARN_BLOCK_CAPTURE_AUTORELEASING = YES;
				CLANG_WARN_BOOL_CONVERSION = YES;
				CLANG_WARN_COMMA = YES;
				CLANG_WARN_CONSTANT_CONVERSION = YES;
				CLANG_WARN_DEPRECATED_OBJC_IMPLEMENTATIONS = YES;
				CLANG_WARN_DIRECT_OBJC_ISA_USAGE = YES_ERROR;
				CLANG_WARN_DOCUMENTATION_COMMENTS = YES;
				CLANG_WARN_EMPTY_BODY = YES;
				CLANG_WARN_ENUM_CONVERSION = YES;
				CLANG_WARN_INFINITE_RECURSION = YES;
				CLANG_WARN_INT_CONVERSION = YES;
				CLANG_WARN_NON_LITERAL_NULL_CONVERSION = YES;
				CLANG_WARN_OBJC_IMPLICIT_RETAIN_SELF = YES;
				CLANG_WARN_OBJC_LITERAL_CONVERSION = YES;
				CLANG_WARN_OBJC_ROOT_CLASS = YES_ERROR;
				CLANG_WARN_RANGE_LOOP_ANALYSIS = YES;
				CLANG_WARN_STRICT_PROTOTYPES = YES;
				CLANG_WARN_SUSPICIOUS_MOVE = YES;
				CLANG_WARN_UNGUARDED_AVAILABILITY = YES_AGGRESSIVE;
				CLANG_WARN_UNREACHABLE_CODE = YES;
				CLANG_WARN__DUPLICATE_METHOD_MATCH = YES;
				CODE_SIGN_IDENTITY = "iPhone Developer";
				COPY_PHASE_STRIP = NO;
				DEBUG_INFORMATION_FORMAT = dwarf;
				ENABLE_STRICT_OBJC_MSGSEND = YES;
				ENABLE_TESTABILITY = YES;
				GCC_C_LANGUAGE_STANDARD = gnu11;
				GCC_DYNAMIC_NO_PIC = NO;
				GCC_NO_COMMON_BLOCKS = YES;
				GCC_OPTIMIZATION_LEVEL = 0;
				GCC_PREPROCESSOR_DEFINITIONS = (
					"DEBUG=1",
					"$(inherited)",
				);
				GCC_WARN_64_TO_32_BIT_CONVERSION = YES;
				GCC_WARN_ABOUT_RETURN_TYPE = YES_ERROR;
				GCC_WARN_UNDECLARED_SELECTOR = YES;
				GCC_WARN_UNINITIALIZED_AUTOS = YES_AGGRESSIVE;
				GCC_WARN_UNUSED_FUNCTION = YES;
				GCC_WARN_UNUSED_VARIABLE = YES;
				IPHONEOS_DEPLOYMENT_TARGET = 12.4;
				MTL_ENABLE_DEBUG_INFO = INCLUDE_SOURCE;
				MTL_FAST_MATH = YES;
				ONLY_ACTIVE_ARCH = YES;
				SDKROOT = iphoneos;
				SWIFT_ACTIVE_COMPILATION_CONDITIONS = DEBUG;
				SWIFT_OPTIMIZATION_LEVEL = "-Onone";
			};
			name = Debug;
		};
		6348D72E24DBC15C004B0476 /* Release */ = {
			isa = XCBuildConfiguration;
			buildSettings = {
				ALWAYS_SEARCH_USER_PATHS = NO;
				CLANG_ANALYZER_NONNULL = YES;
				CLANG_ANALYZER_NUMBER_OBJECT_CONVERSION = YES_AGGRESSIVE;
				CLANG_CXX_LANGUAGE_STANDARD = "gnu++14";
				CLANG_CXX_LIBRARY = "libc++";
				CLANG_ENABLE_MODULES = YES;
				CLANG_ENABLE_OBJC_ARC = YES;
				CLANG_ENABLE_OBJC_WEAK = YES;
				CLANG_WARN_BLOCK_CAPTURE_AUTORELEASING = YES;
				CLANG_WARN_BOOL_CONVERSION = YES;
				CLANG_WARN_COMMA = YES;
				CLANG_WARN_CONSTANT_CONVERSION = YES;
				CLANG_WARN_DEPRECATED_OBJC_IMPLEMENTATIONS = YES;
				CLANG_WARN_DIRECT_OBJC_ISA_USAGE = YES_ERROR;
				CLANG_WARN_DOCUMENTATION_COMMENTS = YES;
				CLANG_WARN_EMPTY_BODY = YES;
				CLANG_WARN_ENUM_CONVERSION = YES;
				CLANG_WARN_INFINITE_RECURSION = YES;
				CLANG_WARN_INT_CONVERSION = YES;
				CLANG_WARN_NON_LITERAL_NULL_CONVERSION = YES;
				CLANG_WARN_OBJC_IMPLICIT_RETAIN_SELF = YES;
				CLANG_WARN_OBJC_LITERAL_CONVERSION = YES;
				CLANG_WARN_OBJC_ROOT_CLASS = YES_ERROR;
				CLANG_WARN_RANGE_LOOP_ANALYSIS = YES;
				CLANG_WARN_STRICT_PROTOTYPES = YES;
				CLANG_WARN_SUSPICIOUS_MOVE = YES;
				CLANG_WARN_UNGUARDED_AVAILABILITY = YES_AGGRESSIVE;
				CLANG_WARN_UNREACHABLE_CODE = YES;
				CLANG_WARN__DUPLICATE_METHOD_MATCH = YES;
				CODE_SIGN_IDENTITY = "iPhone Developer";
				COPY_PHASE_STRIP = NO;
				DEBUG_INFORMATION_FORMAT = "dwarf-with-dsym";
				ENABLE_NS_ASSERTIONS = NO;
				ENABLE_STRICT_OBJC_MSGSEND = YES;
				GCC_C_LANGUAGE_STANDARD = gnu11;
				GCC_NO_COMMON_BLOCKS = YES;
				GCC_WARN_64_TO_32_BIT_CONVERSION = YES;
				GCC_WARN_ABOUT_RETURN_TYPE = YES_ERROR;
				GCC_WARN_UNDECLARED_SELECTOR = YES;
				GCC_WARN_UNINITIALIZED_AUTOS = YES_AGGRESSIVE;
				GCC_WARN_UNUSED_FUNCTION = YES;
				GCC_WARN_UNUSED_VARIABLE = YES;
				IPHONEOS_DEPLOYMENT_TARGET = 12.4;
				MTL_ENABLE_DEBUG_INFO = NO;
				MTL_FAST_MATH = YES;
				SDKROOT = iphoneos;
				SWIFT_COMPILATION_MODE = wholemodule;
				SWIFT_OPTIMIZATION_LEVEL = "-O";
				VALIDATE_PRODUCT = YES;
			};
			name = Release;
		};
		6348D73024DBC15C004B0476 /* Debug */ = {
			isa = XCBuildConfiguration;
			baseConfigurationReference = 2D7F2DCE304674AD2C109068 /* Pods-a1-s3763636_s3779380_s3557535_s3730303.debug.xcconfig */;
			buildSettings = {
				ASSETCATALOG_COMPILER_APPICON_NAME = AppIcon;
				CODE_SIGN_IDENTITY = "";
				CODE_SIGN_STYLE = Automatic;
				DEVELOPMENT_TEAM = "";
				INFOPLIST_FILE = "a1-s3763636_s3779380_s3557535_s3730303/Info.plist";
				LD_RUNPATH_SEARCH_PATHS = (
					"$(inherited)",
					"@executable_path/Frameworks",
				);
				MODULE_NAME = "";
				PRODUCT_BUNDLE_IDENTIFIER = "com.rmit-S2-2020-iPhone.a1-s3763636-s3779380-s3557535-s3730303";
				PRODUCT_NAME = "$(TARGET_NAME)";
				PROVISIONING_PROFILE_SPECIFIER = "";
				SWIFT_VERSION = 5.0;
				TARGETED_DEVICE_FAMILY = "1,2";
			};
			name = Debug;
		};
		6348D73124DBC15C004B0476 /* Release */ = {
			isa = XCBuildConfiguration;
			baseConfigurationReference = DF1B939875A39D6CA2A620B7 /* Pods-a1-s3763636_s3779380_s3557535_s3730303.release.xcconfig */;
			buildSettings = {
				ASSETCATALOG_COMPILER_APPICON_NAME = AppIcon;
				CODE_SIGN_IDENTITY = "";
				CODE_SIGN_STYLE = Automatic;
				DEVELOPMENT_TEAM = "";
				INFOPLIST_FILE = "a1-s3763636_s3779380_s3557535_s3730303/Info.plist";
				LD_RUNPATH_SEARCH_PATHS = (
					"$(inherited)",
					"@executable_path/Frameworks",
				);
				MODULE_NAME = "";
				PRODUCT_BUNDLE_IDENTIFIER = "com.rmit-S2-2020-iPhone.a1-s3763636-s3779380-s3557535-s3730303";
				PRODUCT_NAME = "$(TARGET_NAME)";
				PROVISIONING_PROFILE_SPECIFIER = "";
				SWIFT_VERSION = 5.0;
				TARGETED_DEVICE_FAMILY = "1,2";
			};
			name = Release;
		};
		CB983E362528B6950085CE85 /* Debug */ = {
			isa = XCBuildConfiguration;
			buildSettings = {
				CODE_SIGN_STYLE = Automatic;
				DEVELOPMENT_TEAM = 28284L2XYH;
				INFOPLIST_FILE = "a1-s3763636_s3779380_s3557535_s3730303UITests/Info.plist";
				LD_RUNPATH_SEARCH_PATHS = (
					"$(inherited)",
					"@executable_path/Frameworks",
					"@loader_path/Frameworks",
				);
				PRODUCT_BUNDLE_IDENTIFIER = "au.edu.applefanactics.a1-s3763636-s3779380-s3557535-s3730303UITests";
				PRODUCT_NAME = "$(TARGET_NAME)";
				SWIFT_VERSION = 5.0;
				TARGETED_DEVICE_FAMILY = "1,2";
				TEST_TARGET_NAME = "a1-s3763636_s3779380_s3557535_s3730303";
			};
			name = Debug;
		};
		CB983E372528B6950085CE85 /* Release */ = {
			isa = XCBuildConfiguration;
			buildSettings = {
				CODE_SIGN_STYLE = Automatic;
				DEVELOPMENT_TEAM = 28284L2XYH;
				INFOPLIST_FILE = "a1-s3763636_s3779380_s3557535_s3730303UITests/Info.plist";
				LD_RUNPATH_SEARCH_PATHS = (
					"$(inherited)",
					"@executable_path/Frameworks",
					"@loader_path/Frameworks",
				);
				PRODUCT_BUNDLE_IDENTIFIER = "au.edu.applefanactics.a1-s3763636-s3779380-s3557535-s3730303UITests";
				PRODUCT_NAME = "$(TARGET_NAME)";
				SWIFT_VERSION = 5.0;
				TARGETED_DEVICE_FAMILY = "1,2";
				TEST_TARGET_NAME = "a1-s3763636_s3779380_s3557535_s3730303";
			};
			name = Release;
		};
		CB983E472528C7060085CE85 /* Debug */ = {
			isa = XCBuildConfiguration;
			buildSettings = {
				BUNDLE_LOADER = "$(TEST_HOST)";
				CODE_SIGN_STYLE = Automatic;
				DEVELOPMENT_TEAM = 28284L2XYH;
				INFOPLIST_FILE = "a1-s3763636_s3779380_s3557535_s3730303Tests/Info.plist";
				LD_RUNPATH_SEARCH_PATHS = (
					"$(inherited)",
					"@executable_path/Frameworks",
					"@loader_path/Frameworks",
				);
				PRODUCT_BUNDLE_IDENTIFIER = "au.edu.applefanactics.a1-s3763636-s3779380-s3557535-s3730303Tests";
				PRODUCT_NAME = "$(TARGET_NAME)";
				SWIFT_VERSION = 5.0;
				TARGETED_DEVICE_FAMILY = "1,2";
				TEST_HOST = "$(BUILT_PRODUCTS_DIR)/a1-s3763636_s3779380_s3557535_s3730303.app/a1-s3763636_s3779380_s3557535_s3730303";
			};
			name = Debug;
		};
		CB983E482528C7060085CE85 /* Release */ = {
			isa = XCBuildConfiguration;
			buildSettings = {
				BUNDLE_LOADER = "$(TEST_HOST)";
				CODE_SIGN_STYLE = Automatic;
				DEVELOPMENT_TEAM = 28284L2XYH;
				INFOPLIST_FILE = "a1-s3763636_s3779380_s3557535_s3730303Tests/Info.plist";
				LD_RUNPATH_SEARCH_PATHS = (
					"$(inherited)",
					"@executable_path/Frameworks",
					"@loader_path/Frameworks",
				);
				PRODUCT_BUNDLE_IDENTIFIER = "au.edu.applefanactics.a1-s3763636-s3779380-s3557535-s3730303Tests";
				PRODUCT_NAME = "$(TARGET_NAME)";
				SWIFT_VERSION = 5.0;
				TARGETED_DEVICE_FAMILY = "1,2";
				TEST_HOST = "$(BUILT_PRODUCTS_DIR)/a1-s3763636_s3779380_s3557535_s3730303.app/a1-s3763636_s3779380_s3557535_s3730303";
			};
			name = Release;
		};
/* End XCBuildConfiguration section */

/* Begin XCConfigurationList section */
		6348D71824DBC158004B0476 /* Build configuration list for PBXProject "a1-s3763636_s3779380_s3557535_s3730303" */ = {
			isa = XCConfigurationList;
			buildConfigurations = (
				6348D72D24DBC15C004B0476 /* Debug */,
				6348D72E24DBC15C004B0476 /* Release */,
			);
			defaultConfigurationIsVisible = 0;
			defaultConfigurationName = Release;
		};
		6348D72F24DBC15C004B0476 /* Build configuration list for PBXNativeTarget "a1-s3763636_s3779380_s3557535_s3730303" */ = {
			isa = XCConfigurationList;
			buildConfigurations = (
				6348D73024DBC15C004B0476 /* Debug */,
				6348D73124DBC15C004B0476 /* Release */,
			);
			defaultConfigurationIsVisible = 0;
			defaultConfigurationName = Release;
		};
		CB983E382528B6950085CE85 /* Build configuration list for PBXNativeTarget "a1-s3763636_s3779380_s3557535_s3730303UITests" */ = {
			isa = XCConfigurationList;
			buildConfigurations = (
				CB983E362528B6950085CE85 /* Debug */,
				CB983E372528B6950085CE85 /* Release */,
			);
			defaultConfigurationIsVisible = 0;
			defaultConfigurationName = Release;
		};
		CB983E462528C7060085CE85 /* Build configuration list for PBXNativeTarget "a1-s3763636_s3779380_s3557535_s3730303Tests" */ = {
			isa = XCConfigurationList;
			buildConfigurations = (
				CB983E472528C7060085CE85 /* Debug */,
				CB983E482528C7060085CE85 /* Release */,
			);
			defaultConfigurationIsVisible = 0;
			defaultConfigurationName = Release;
		};
/* End XCConfigurationList section */

/* Begin XCVersionGroup section */
		CB29B3BE2511D5D000B8646A /* DatabaseModel.xcdatamodeld */ = {
			isa = XCVersionGroup;
			children = (
				CB29B3BF2511D5D000B8646A /* DatabaseModel.xcdatamodel */,
			);
			currentVersion = CB29B3BF2511D5D000B8646A /* DatabaseModel.xcdatamodel */;
			path = DatabaseModel.xcdatamodeld;
			sourceTree = "<group>";
			versionGroupType = wrapper.xcdatamodel;
		};
/* End XCVersionGroup section */
	};
	rootObject = 6348D71524DBC158004B0476 /* Project object */;
}
